
Microsoft Visual Studio Solution File, Format Version 12.00
# Visual Studio 15
VisualStudioVersion = 15.0.26124.0
MinimumVisualStudioVersion = 15.0.26124.0
Project("{FAE04EC0-301F-11D3-BF4B-00C04F79EFBC}") = "IMMRequest.WebApi", "IMMRequest.WebApi\IMMRequest.WebApi.csproj", "{46C8622C-0207-4489-8148-BD459235D291}"
EndProject
Project("{FAE04EC0-301F-11D3-BF4B-00C04F79EFBC}") = "IMMRequest.BusinessLogic", "IMMRequest.BusinessLogic\IMMRequest.BusinessLogic.csproj", "{996E9E86-43F6-4F0B-BF96-ADD8BEE0B718}"
EndProject
Project("{FAE04EC0-301F-11D3-BF4B-00C04F79EFBC}") = "IMMRequest.Domain", "IMMRequest.Domain\IMMRequest.Domain.csproj", "{E92F9F06-0B6E-41C4-8492-0E9332187A09}"
EndProject
Project("{FAE04EC0-301F-11D3-BF4B-00C04F79EFBC}") = "IMMRequest.DataAccess", "IMMRequest.DataAccess\IMMRequest.DataAccess.csproj", "{5B3CFC28-C61E-4DB3-BDBC-C8372D66FA82}"
EndProject
Project("{FAE04EC0-301F-11D3-BF4B-00C04F79EFBC}") = "IMMRequest.DataAccess.Interface", "IMMRequest.DataAccess.Interface\IMMRequest.DataAccess.Interface.csproj", "{61291672-016E-42BD-BBC7-56C2E593B987}"
EndProject
Project("{FAE04EC0-301F-11D3-BF4B-00C04F79EFBC}") = "IMMRequest.DataAccess.Test", "IMMRequest.DataAccess.Test\IMMRequest.DataAccess.Test.csproj", "{037A0893-B82F-4F79-A9C9-B7EAD25E4220}"
EndProject
Project("{FAE04EC0-301F-11D3-BF4B-00C04F79EFBC}") = "IMMRequest.BusinessLogic.Tests", "IMMRequest.BusinessLogic.Test\IMMRequest.BusinessLogic.Tests.csproj", "{093B9CB8-AFC1-4D19-9F04-FC86D939482E}"
EndProject
Project("{FAE04EC0-301F-11D3-BF4B-00C04F79EFBC}") = "IMMRequest.WebApi.Test", "IMMRequest.WebApi.Test\IMMRequest.WebApi.Test.csproj", "{F42DB4B8-057A-4325-ACA8-0A04A5C1D173}"
EndProject
Project("{FAE04EC0-301F-11D3-BF4B-00C04F79EFBC}") = "IMMRequest.Exceptions", "IMMRequest.Exceptions\IMMRequest.Exceptions.csproj", "{8C964A7C-3B13-4DF1-8892-2533C3CED867}"
EndProject
Global
	GlobalSection(SolutionConfigurationPlatforms) = preSolution
		Debug|Any CPU = Debug|Any CPU
		Debug|x64 = Debug|x64
		Debug|x86 = Debug|x86
		Release|Any CPU = Release|Any CPU
		Release|x64 = Release|x64
		Release|x86 = Release|x86
	EndGlobalSection
	GlobalSection(SolutionProperties) = preSolution
		HideSolutionNode = FALSE
	EndGlobalSection
	GlobalSection(ProjectConfigurationPlatforms) = postSolution
		{46C8622C-0207-4489-8148-BD459235D291}.Debug|Any CPU.ActiveCfg = Debug|Any CPU
		{46C8622C-0207-4489-8148-BD459235D291}.Debug|Any CPU.Build.0 = Debug|Any CPU
		{46C8622C-0207-4489-8148-BD459235D291}.Debug|x64.ActiveCfg = Debug|Any CPU
		{46C8622C-0207-4489-8148-BD459235D291}.Debug|x64.Build.0 = Debug|Any CPU
		{46C8622C-0207-4489-8148-BD459235D291}.Debug|x86.ActiveCfg = Debug|Any CPU
		{46C8622C-0207-4489-8148-BD459235D291}.Debug|x86.Build.0 = Debug|Any CPU
		{46C8622C-0207-4489-8148-BD459235D291}.Release|Any CPU.ActiveCfg = Release|Any CPU
		{46C8622C-0207-4489-8148-BD459235D291}.Release|Any CPU.Build.0 = Release|Any CPU
		{46C8622C-0207-4489-8148-BD459235D291}.Release|x64.ActiveCfg = Release|Any CPU
		{46C8622C-0207-4489-8148-BD459235D291}.Release|x64.Build.0 = Release|Any CPU
		{46C8622C-0207-4489-8148-BD459235D291}.Release|x86.ActiveCfg = Release|Any CPU
		{46C8622C-0207-4489-8148-BD459235D291}.Release|x86.Build.0 = Release|Any CPU
		{996E9E86-43F6-4F0B-BF96-ADD8BEE0B718}.Debug|Any CPU.ActiveCfg = Debug|Any CPU
		{996E9E86-43F6-4F0B-BF96-ADD8BEE0B718}.Debug|Any CPU.Build.0 = Debug|Any CPU
		{996E9E86-43F6-4F0B-BF96-ADD8BEE0B718}.Debug|x64.ActiveCfg = Debug|Any CPU
		{996E9E86-43F6-4F0B-BF96-ADD8BEE0B718}.Debug|x64.Build.0 = Debug|Any CPU
		{996E9E86-43F6-4F0B-BF96-ADD8BEE0B718}.Debug|x86.ActiveCfg = Debug|Any CPU
		{996E9E86-43F6-4F0B-BF96-ADD8BEE0B718}.Debug|x86.Build.0 = Debug|Any CPU
		{996E9E86-43F6-4F0B-BF96-ADD8BEE0B718}.Release|Any CPU.ActiveCfg = Release|Any CPU
		{996E9E86-43F6-4F0B-BF96-ADD8BEE0B718}.Release|Any CPU.Build.0 = Release|Any CPU
		{996E9E86-43F6-4F0B-BF96-ADD8BEE0B718}.Release|x64.ActiveCfg = Release|Any CPU
		{996E9E86-43F6-4F0B-BF96-ADD8BEE0B718}.Release|x64.Build.0 = Release|Any CPU
		{996E9E86-43F6-4F0B-BF96-ADD8BEE0B718}.Release|x86.ActiveCfg = Release|Any CPU
		{996E9E86-43F6-4F0B-BF96-ADD8BEE0B718}.Release|x86.Build.0 = Release|Any CPU
		{E92F9F06-0B6E-41C4-8492-0E9332187A09}.Debug|Any CPU.ActiveCfg = Debug|Any CPU
		{E92F9F06-0B6E-41C4-8492-0E9332187A09}.Debug|Any CPU.Build.0 = Debug|Any CPU
		{E92F9F06-0B6E-41C4-8492-0E9332187A09}.Debug|x64.ActiveCfg = Debug|Any CPU
		{E92F9F06-0B6E-41C4-8492-0E9332187A09}.Debug|x64.Build.0 = Debug|Any CPU
		{E92F9F06-0B6E-41C4-8492-0E9332187A09}.Debug|x86.ActiveCfg = Debug|Any CPU
		{E92F9F06-0B6E-41C4-8492-0E9332187A09}.Debug|x86.Build.0 = Debug|Any CPU
		{E92F9F06-0B6E-41C4-8492-0E9332187A09}.Release|Any CPU.ActiveCfg = Release|Any CPU
		{E92F9F06-0B6E-41C4-8492-0E9332187A09}.Release|Any CPU.Build.0 = Release|Any CPU
		{E92F9F06-0B6E-41C4-8492-0E9332187A09}.Release|x64.ActiveCfg = Release|Any CPU
		{E92F9F06-0B6E-41C4-8492-0E9332187A09}.Release|x64.Build.0 = Release|Any CPU
		{E92F9F06-0B6E-41C4-8492-0E9332187A09}.Release|x86.ActiveCfg = Release|Any CPU
		{E92F9F06-0B6E-41C4-8492-0E9332187A09}.Release|x86.Build.0 = Release|Any CPU
		{5B3CFC28-C61E-4DB3-BDBC-C8372D66FA82}.Debug|Any CPU.ActiveCfg = Debug|Any CPU
		{5B3CFC28-C61E-4DB3-BDBC-C8372D66FA82}.Debug|Any CPU.Build.0 = Debug|Any CPU
		{5B3CFC28-C61E-4DB3-BDBC-C8372D66FA82}.Debug|x64.ActiveCfg = Debug|Any CPU
		{5B3CFC28-C61E-4DB3-BDBC-C8372D66FA82}.Debug|x64.Build.0 = Debug|Any CPU
		{5B3CFC28-C61E-4DB3-BDBC-C8372D66FA82}.Debug|x86.ActiveCfg = Debug|Any CPU
		{5B3CFC28-C61E-4DB3-BDBC-C8372D66FA82}.Debug|x86.Build.0 = Debug|Any CPU
		{5B3CFC28-C61E-4DB3-BDBC-C8372D66FA82}.Release|Any CPU.ActiveCfg = Release|Any CPU
		{5B3CFC28-C61E-4DB3-BDBC-C8372D66FA82}.Release|Any CPU.Build.0 = Release|Any CPU
		{5B3CFC28-C61E-4DB3-BDBC-C8372D66FA82}.Release|x64.ActiveCfg = Release|Any CPU
		{5B3CFC28-C61E-4DB3-BDBC-C8372D66FA82}.Release|x64.Build.0 = Release|Any CPU
		{5B3CFC28-C61E-4DB3-BDBC-C8372D66FA82}.Release|x86.ActiveCfg = Release|Any CPU
		{5B3CFC28-C61E-4DB3-BDBC-C8372D66FA82}.Release|x86.Build.0 = Release|Any CPU
		{61291672-016E-42BD-BBC7-56C2E593B987}.Debug|Any CPU.ActiveCfg = Debug|Any CPU
		{61291672-016E-42BD-BBC7-56C2E593B987}.Debug|Any CPU.Build.0 = Debug|Any CPU
		{61291672-016E-42BD-BBC7-56C2E593B987}.Debug|x64.ActiveCfg = Debug|Any CPU
		{61291672-016E-42BD-BBC7-56C2E593B987}.Debug|x64.Build.0 = Debug|Any CPU
		{61291672-016E-42BD-BBC7-56C2E593B987}.Debug|x86.ActiveCfg = Debug|Any CPU
		{61291672-016E-42BD-BBC7-56C2E593B987}.Debug|x86.Build.0 = Debug|Any CPU
		{61291672-016E-42BD-BBC7-56C2E593B987}.Release|Any CPU.ActiveCfg = Release|Any CPU
		{61291672-016E-42BD-BBC7-56C2E593B987}.Release|Any CPU.Build.0 = Release|Any CPU
		{61291672-016E-42BD-BBC7-56C2E593B987}.Release|x64.ActiveCfg = Release|Any CPU
		{61291672-016E-42BD-BBC7-56C2E593B987}.Release|x64.Build.0 = Release|Any CPU
		{61291672-016E-42BD-BBC7-56C2E593B987}.Release|x86.ActiveCfg = Release|Any CPU
		{61291672-016E-42BD-BBC7-56C2E593B987}.Release|x86.Build.0 = Release|Any CPU
		{037A0893-B82F-4F79-A9C9-B7EAD25E4220}.Debug|Any CPU.ActiveCfg = Debug|Any CPU
		{037A0893-B82F-4F79-A9C9-B7EAD25E4220}.Debug|Any CPU.Build.0 = Debug|Any CPU
		{037A0893-B82F-4F79-A9C9-B7EAD25E4220}.Debug|x64.ActiveCfg = Debug|Any CPU
		{037A0893-B82F-4F79-A9C9-B7EAD25E4220}.Debug|x64.Build.0 = Debug|Any CPU
		{037A0893-B82F-4F79-A9C9-B7EAD25E4220}.Debug|x86.ActiveCfg = Debug|Any CPU
		{037A0893-B82F-4F79-A9C9-B7EAD25E4220}.Debug|x86.Build.0 = Debug|Any CPU
		{037A0893-B82F-4F79-A9C9-B7EAD25E4220}.Release|Any CPU.ActiveCfg = Release|Any CPU
		{037A0893-B82F-4F79-A9C9-B7EAD25E4220}.Release|Any CPU.Build.0 = Release|Any CPU
		{037A0893-B82F-4F79-A9C9-B7EAD25E4220}.Release|x64.ActiveCfg = Release|Any CPU
		{037A0893-B82F-4F79-A9C9-B7EAD25E4220}.Release|x64.Build.0 = Release|Any CPU
		{037A0893-B82F-4F79-A9C9-B7EAD25E4220}.Release|x86.ActiveCfg = Release|Any CPU
		{037A0893-B82F-4F79-A9C9-B7EAD25E4220}.Release|x86.Build.0 = Release|Any CPU
		{093B9CB8-AFC1-4D19-9F04-FC86D939482E}.Debug|Any CPU.ActiveCfg = Debug|Any CPU
		{093B9CB8-AFC1-4D19-9F04-FC86D939482E}.Debug|Any CPU.Build.0 = Debug|Any CPU
		{093B9CB8-AFC1-4D19-9F04-FC86D939482E}.Debug|x64.ActiveCfg = Debug|Any CPU
		{093B9CB8-AFC1-4D19-9F04-FC86D939482E}.Debug|x64.Build.0 = Debug|Any CPU
		{093B9CB8-AFC1-4D19-9F04-FC86D939482E}.Debug|x86.ActiveCfg = Debug|Any CPU
		{093B9CB8-AFC1-4D19-9F04-FC86D939482E}.Debug|x86.Build.0 = Debug|Any CPU
		{093B9CB8-AFC1-4D19-9F04-FC86D939482E}.Release|Any CPU.ActiveCfg = Release|Any CPU
		{093B9CB8-AFC1-4D19-9F04-FC86D939482E}.Release|Any CPU.Build.0 = Release|Any CPU
		{093B9CB8-AFC1-4D19-9F04-FC86D939482E}.Release|x64.ActiveCfg = Release|Any CPU
		{093B9CB8-AFC1-4D19-9F04-FC86D939482E}.Release|x64.Build.0 = Release|Any CPU
		{093B9CB8-AFC1-4D19-9F04-FC86D939482E}.Release|x86.ActiveCfg = Release|Any CPU
		{093B9CB8-AFC1-4D19-9F04-FC86D939482E}.Release|x86.Build.0 = Release|Any CPU
		{1AA76245-E8B3-4B1C-9B70-00C21DF8398B}.Debug|Any CPU.ActiveCfg = Debug|Any CPU
		{1AA76245-E8B3-4B1C-9B70-00C21DF8398B}.Debug|Any CPU.Build.0 = Debug|Any CPU
		{1AA76245-E8B3-4B1C-9B70-00C21DF8398B}.Debug|x64.ActiveCfg = Debug|Any CPU
		{1AA76245-E8B3-4B1C-9B70-00C21DF8398B}.Debug|x64.Build.0 = Debug|Any CPU
		{1AA76245-E8B3-4B1C-9B70-00C21DF8398B}.Debug|x86.ActiveCfg = Debug|Any CPU
		{1AA76245-E8B3-4B1C-9B70-00C21DF8398B}.Debug|x86.Build.0 = Debug|Any CPU
		{1AA76245-E8B3-4B1C-9B70-00C21DF8398B}.Release|Any CPU.ActiveCfg = Release|Any CPU
		{1AA76245-E8B3-4B1C-9B70-00C21DF8398B}.Release|Any CPU.Build.0 = Release|Any CPU
		{1AA76245-E8B3-4B1C-9B70-00C21DF8398B}.Release|x64.ActiveCfg = Release|Any CPU
		{1AA76245-E8B3-4B1C-9B70-00C21DF8398B}.Release|x64.Build.0 = Release|Any CPU
		{1AA76245-E8B3-4B1C-9B70-00C21DF8398B}.Release|x86.ActiveCfg = Release|Any CPU
		{1AA76245-E8B3-4B1C-9B70-00C21DF8398B}.Release|x86.Build.0 = Release|Any CPU
		{F42DB4B8-057A-4325-ACA8-0A04A5C1D173}.Debug|Any CPU.ActiveCfg = Debug|Any CPU
		{F42DB4B8-057A-4325-ACA8-0A04A5C1D173}.Debug|Any CPU.Build.0 = Debug|Any CPU
		{F42DB4B8-057A-4325-ACA8-0A04A5C1D173}.Debug|x64.ActiveCfg = Debug|Any CPU
		{F42DB4B8-057A-4325-ACA8-0A04A5C1D173}.Debug|x64.Build.0 = Debug|Any CPU
		{F42DB4B8-057A-4325-ACA8-0A04A5C1D173}.Debug|x86.ActiveCfg = Debug|Any CPU
		{F42DB4B8-057A-4325-ACA8-0A04A5C1D173}.Debug|x86.Build.0 = Debug|Any CPU
		{F42DB4B8-057A-4325-ACA8-0A04A5C1D173}.Release|Any CPU.ActiveCfg = Release|Any CPU
		{F42DB4B8-057A-4325-ACA8-0A04A5C1D173}.Release|Any CPU.Build.0 = Release|Any CPU
		{F42DB4B8-057A-4325-ACA8-0A04A5C1D173}.Release|x64.ActiveCfg = Release|Any CPU
		{F42DB4B8-057A-4325-ACA8-0A04A5C1D173}.Release|x64.Build.0 = Release|Any CPU
		{F42DB4B8-057A-4325-ACA8-0A04A5C1D173}.Release|x86.ActiveCfg = Release|Any CPU
		{F42DB4B8-057A-4325-ACA8-0A04A5C1D173}.Release|x86.Build.0 = Release|Any CPU
		{8C964A7C-3B13-4DF1-8892-2533C3CED867}.Debug|Any CPU.ActiveCfg = Debug|Any CPU
		{8C964A7C-3B13-4DF1-8892-2533C3CED867}.Debug|Any CPU.Build.0 = Debug|Any CPU
		{8C964A7C-3B13-4DF1-8892-2533C3CED867}.Debug|x64.ActiveCfg = Debug|Any CPU
		{8C964A7C-3B13-4DF1-8892-2533C3CED867}.Debug|x64.Build.0 = Debug|Any CPU
		{8C964A7C-3B13-4DF1-8892-2533C3CED867}.Debug|x86.ActiveCfg = Debug|Any CPU
		{8C964A7C-3B13-4DF1-8892-2533C3CED867}.Debug|x86.Build.0 = Debug|Any CPU
		{8C964A7C-3B13-4DF1-8892-2533C3CED867}.Release|Any CPU.ActiveCfg = Release|Any CPU
		{8C964A7C-3B13-4DF1-8892-2533C3CED867}.Release|Any CPU.Build.0 = Release|Any CPU
		{8C964A7C-3B13-4DF1-8892-2533C3CED867}.Release|x64.ActiveCfg = Release|Any CPU
		{8C964A7C-3B13-4DF1-8892-2533C3CED867}.Release|x64.Build.0 = Release|Any CPU
		{8C964A7C-3B13-4DF1-8892-2533C3CED867}.Release|x86.ActiveCfg = Release|Any CPU
		{8C964A7C-3B13-4DF1-8892-2533C3CED867}.Release|x86.Build.0 = Release|Any CPU
	EndGlobalSection
EndGlobal
